// !$*UTF8*$!
{
	archiveVersion = 1;
	classes = {
	};
	objectVersion = 77;
	objects = {

/* Begin PBXBuildFile section */
		D0022A762EE1B46E0035CE48 /* ActivityOverviewViewModel.swift in Sources */ = {isa = PBXBuildFile; fileRef = D0022A752EE1B46E0035CE48 /* ActivityOverviewViewModel.swift */; };
		D0022A782EE1B4910035CE48 /* ActivityOverviewView.swift in Sources */ = {isa = PBXBuildFile; fileRef = D0022A772EE1B4910035CE48 /* ActivityOverviewView.swift */; };
		D0022A7A2EE1B8130035CE48 /* BodyOverviewViewModel.swift in Sources */ = {isa = PBXBuildFile; fileRef = D0022A792EE1B8130035CE48 /* BodyOverviewViewModel.swift */; };
		D0022A7C2EE1B82E0035CE48 /* BodyOverviewView.swift in Sources */ = {isa = PBXBuildFile; fileRef = D0022A7B2EE1B82E0035CE48 /* BodyOverviewView.swift */; };
		D02F830D2ED26AA2005011A1 /* DailyStepsEntry.swift in Sources */ = {isa = PBXBuildFile; fileRef = D02F830C2ED26AA2005011A1 /* DailyStepsEntry.swift */; };
		D02F830F2ED26AE7005011A1 /* StepsViewModel.swift in Sources */ = {isa = PBXBuildFile; fileRef = D02F830E2ED26AE7005011A1 /* StepsViewModel.swift */; };
		D02F83112ED26B11005011A1 /* ActivityEnergyViewModel.swift in Sources */ = {isa = PBXBuildFile; fileRef = D02F83102ED26B11005011A1 /* ActivityEnergyViewModel.swift */; };
		D02F83142ED26B78005011A1 /* DefaultsStore.swift in Sources */ = {isa = PBXBuildFile; fileRef = D02F83132ED26B78005011A1 /* DefaultsStore.swift */; };
		D02F83182ED2733F005011A1 /* ActivityEnergyEntry.swift in Sources */ = {isa = PBXBuildFile; fileRef = D02F83172ED2733F005011A1 /* ActivityEnergyEntry.swift */; };
		D02F831D2ED273C8005011A1 /* DaillySleepEntry.swift in Sources */ = {isa = PBXBuildFile; fileRef = D02F831C2ED273C8005011A1 /* DaillySleepEntry.swift */; };
		D02F831F2ED2A3CB005011A1 /* SleepView.swift in Sources */ = {isa = PBXBuildFile; fileRef = D02F831E2ED2A3CB005011A1 /* SleepView.swift */; };
		D02F83212ED2A498005011A1 /* WeightView.swift in Sources */ = {isa = PBXBuildFile; fileRef = D02F83202ED2A498005011A1 /* WeightView.swift */; };
		D02F83232ED2A606005011A1 /* TimeInRangeView.swift in Sources */ = {isa = PBXBuildFile; fileRef = D02F83222ED2A606005011A1 /* TimeInRangeView.swift */; };
		D02F83252ED2A637005011A1 /* BolusView.swift in Sources */ = {isa = PBXBuildFile; fileRef = D02F83242ED2A637005011A1 /* BolusView.swift */; };
		D02F83272ED2A645005011A1 /* BasalView.swift in Sources */ = {isa = PBXBuildFile; fileRef = D02F83262ED2A645005011A1 /* BasalView.swift */; };
		D02F83292ED2A68B005011A1 /* CarbBolusRatioView.swift in Sources */ = {isa = PBXBuildFile; fileRef = D02F83282ED2A68B005011A1 /* CarbBolusRatioView.swift */; };
		D02F832B2ED2A6A2005011A1 /* GmiView.swift in Sources */ = {isa = PBXBuildFile; fileRef = D02F832A2ED2A6A2005011A1 /* GmiView.swift */; };
		D02F832F2ED2A7B8005011A1 /* ProteinView.swift in Sources */ = {isa = PBXBuildFile; fileRef = D02F832E2ED2A7B8005011A1 /* ProteinView.swift */; };
		D02F83312ED2A7C5005011A1 /* FatView.swift in Sources */ = {isa = PBXBuildFile; fileRef = D02F83302ED2A7C5005011A1 /* FatView.swift */; };
		D02F83352ED2A971005011A1 /* DailyWeightEntry.swift in Sources */ = {isa = PBXBuildFile; fileRef = D02F83342ED2A971005011A1 /* DailyWeightEntry.swift */; };
		D0306B5D2EC9DD49004BE9C2 /* GluVibProbeApp.swift in Sources */ = {isa = PBXBuildFile; fileRef = D0306B5C2EC9DD49004BE9C2 /* GluVibProbeApp.swift */; };
		D0306B702EC9E0E5004BE9C2 /* AppRouter.swift in Sources */ = {isa = PBXBuildFile; fileRef = D0306B6F2EC9E0D6004BE9C2 /* AppRouter.swift */; };
		D0306B742EC9E1B7004BE9C2 /* AppState.swift in Sources */ = {isa = PBXBuildFile; fileRef = D0306B732EC9E1B7004BE9C2 /* AppState.swift */; };
		D0306B762EC9E2B0004BE9C2 /* HomeView.swift in Sources */ = {isa = PBXBuildFile; fileRef = D0306B752EC9E2B0004BE9C2 /* HomeView.swift */; };
		D0306B802EC9E371004BE9C2 /* HistoryView.swift in Sources */ = {isa = PBXBuildFile; fileRef = D0306B7F2EC9E371004BE9C2 /* HistoryView.swift */; };
		D0306B832EC9E3BB004BE9C2 /* SettingsView.swift in Sources */ = {isa = PBXBuildFile; fileRef = D0306B822EC9E3BB004BE9C2 /* SettingsView.swift */; };
		D041927B2EE0A6740046B2D4 /* NutritionOverviewView.swift in Sources */ = {isa = PBXBuildFile; fileRef = D041927A2EE0A6740046B2D4 /* NutritionOverviewView.swift */; };
		D041927D2EE0AE050046B2D4 /* NutritionOverviewViewModel.swift in Sources */ = {isa = PBXBuildFile; fileRef = D041927C2EE0AE050046B2D4 /* NutritionOverviewViewModel.swift */; };
		D0573AAF2ECB1E270025A4AE /* RangeSlider.swift in Sources */ = {isa = PBXBuildFile; fileRef = D0573AAE2ECB1E270025A4AE /* RangeSlider.swift */; };
		D0573AB12ECB22250025A4AE /* LowerUpperRangeGlucoseSlider.swift in Sources */ = {isa = PBXBuildFile; fileRef = D0573AB02ECB22250025A4AE /* LowerUpperRangeGlucoseSlider.swift */; };
		D0573AB42ECB4A320025A4AE /* HealthStore.swift .swift in Sources */ = {isa = PBXBuildFile; fileRef = D0573AB32ECB4A320025A4AE /* HealthStore.swift .swift */; };
		D05873932ED32F7E0010C475 /* SettingsModel.swift in Sources */ = {isa = PBXBuildFile; fileRef = D05873922ED32F7E0010C475 /* SettingsModel.swift */; };
		D05873A62ED700A30010C475 /* MetricDomain.swift in Sources */ = {isa = PBXBuildFile; fileRef = D05873A52ED700A30010C475 /* MetricDomain.swift */; };
		D05873AC2ED72E1A0010C475 /* ChartCard.swift in Sources */ = {isa = PBXBuildFile; fileRef = D05873AB2ED72E1A0010C475 /* ChartCard.swift */; };
		D05873AE2ED8648E0010C475 /* SleepViewModel.swift in Sources */ = {isa = PBXBuildFile; fileRef = D05873AD2ED8648E0010C475 /* SleepViewModel.swift */; };
		D07C436D2ECB66160057682A /* StepsView.swift in Sources */ = {isa = PBXBuildFile; fileRef = D07C436C2ECB66160057682A /* StepsView.swift */; };
		D07C436F2ECB67D20057682A /* KPICard.swift in Sources */ = {isa = PBXBuildFile; fileRef = D07C436E2ECB67D20057682A /* KPICard.swift */; };
		D07C43712ECB68A00057682A /* SectionHeader.swift in Sources */ = {isa = PBXBuildFile; fileRef = D07C43702ECB68A00057682A /* SectionHeader.swift */; };
		D07F50132EDF7D25006F723F /* MetricScaleHelper.swift in Sources */ = {isa = PBXBuildFile; fileRef = D07F50122EDF7D25006F723F /* MetricScaleHelper.swift */; };
		D07F50152EDF7D5E006F723F /* Last90DaysScaledBarChart.swift in Sources */ = {isa = PBXBuildFile; fileRef = D07F50142EDF7D5E006F723F /* Last90DaysScaledBarChart.swift */; };
		D085FBCD2ECC5716009DDAB1 /* GluBottomTabBar.swift in Sources */ = {isa = PBXBuildFile; fileRef = D085FBCC2ECC5716009DDAB1 /* GluBottomTabBar.swift */; };
		D0B082062ED1C3D000D77F09 /* ActivityDashboardView.swift in Sources */ = {isa = PBXBuildFile; fileRef = D0B082052ED1C3D000D77F09 /* ActivityDashboardView.swift */; };
		D0C6B2352ECC9F80000AC73E /* Color+GluVibe.swift in Sources */ = {isa = PBXBuildFile; fileRef = D0C6B2342ECC9F80000AC73E /* Color+GluVibe.swift */; };
		D0C87F772ECF247C00658CC1 /* ActivityEnergyView.swift in Sources */ = {isa = PBXBuildFile; fileRef = D0C87F762ECF247C00658CC1 /* ActivityEnergyView.swift */; };
		D0D15DF12ED9895F00DD41E7 /* BodyDashboardView.swift in Sources */ = {isa = PBXBuildFile; fileRef = D0D15DF02ED9895F00DD41E7 /* BodyDashboardView.swift */; };
		D0D15DF62ED9E1AC00DD41E7 /* WeightViewModel.swift in Sources */ = {isa = PBXBuildFile; fileRef = D0D15DF52ED9E1AC00DD41E7 /* WeightViewModel.swift */; };
		D0D15DFA2EDABE1500DD41E7 /* HealthStore+Sleep.swift in Sources */ = {isa = PBXBuildFile; fileRef = D0D15DF92EDABE1500DD41E7 /* HealthStore+Sleep.swift */; };
		D0D15DFC2EDAC0CA00DD41E7 /* HealthStore+Weight.swift in Sources */ = {isa = PBXBuildFile; fileRef = D0D15DFB2EDAC0CA00DD41E7 /* HealthStore+Weight.swift */; };
		D0D15DFE2EDAC16300DD41E7 /* HealthStore+ActivityEnergy.swift in Sources */ = {isa = PBXBuildFile; fileRef = D0D15DFD2EDAC16300DD41E7 /* HealthStore+ActivityEnergy.swift */; };
		D0D15E002EDAC1C400DD41E7 /* HealthStore+Steps.swift in Sources */ = {isa = PBXBuildFile; fileRef = D0D15DFF2EDAC1C400DD41E7 /* HealthStore+Steps.swift */; };
		D0D15E042EDAF8F900DD41E7 /* BodySettingsSection.swift in Sources */ = {isa = PBXBuildFile; fileRef = D0D15E032EDAF8F900DD41E7 /* BodySettingsSection.swift */; };
		D0D15E062EDAFC8900DD41E7 /* SettingsUnits.swift in Sources */ = {isa = PBXBuildFile; fileRef = D0D15E052EDAFC8900DD41E7 /* SettingsUnits.swift */; };
		D0D15E082EDB10F900DD41E7 /* ActivitySettingsSection.swift in Sources */ = {isa = PBXBuildFile; fileRef = D0D15E072EDB10F900DD41E7 /* ActivitySettingsSection.swift */; };
		D0D15E0A2EDB1A2800DD41E7 /* NutritionSettingsSection.swift in Sources */ = {isa = PBXBuildFile; fileRef = D0D15E092EDB1A2800DD41E7 /* NutritionSettingsSection.swift */; };
		D0D15E0C2EDBF7F500DD41E7 /* UnitsSettingsSection.swift in Sources */ = {isa = PBXBuildFile; fileRef = D0D15E0B2EDBF7F500DD41E7 /* UnitsSettingsSection.swift */; };
		D0D15E0E2EDBFE9400DD41E7 /* MetabolicSettingsSection.swift in Sources */ = {isa = PBXBuildFile; fileRef = D0D15E0D2EDBFE9400DD41E7 /* MetabolicSettingsSection.swift */; };
		D0D15E112EDDA93C00DD41E7 /* GluVibPrimaryButtonStyle.swift in Sources */ = {isa = PBXBuildFile; fileRef = D0D15E102EDDA93C00DD41E7 /* GluVibPrimaryButtonStyle.swift */; };
		D0D15E142EDDC71300DD41E7 /* SettingsDomainPicker.swift in Sources */ = {isa = PBXBuildFile; fileRef = D0D15E132EDDC71300DD41E7 /* SettingsDomainPicker.swift */; };
		D0D15E1A2EDDDA2000DD41E7 /* SettingsButtonBar.swift in Sources */ = {isa = PBXBuildFile; fileRef = D0D15E152EDDCAA700DD41E7 /* SettingsButtonBar.swift */; };
		D0DC51052EE09C2D00C303A9 /* TimeSeriesModels.swift in Sources */ = {isa = PBXBuildFile; fileRef = D0DC51042EE09C2D00C303A9 /* TimeSeriesModels.swift */; };
		D0E88E882EDEE84600A5E470 /* HealthStore+Carbs.swift in Sources */ = {isa = PBXBuildFile; fileRef = D0E88E872EDEE84600A5E470 /* HealthStore+Carbs.swift */; };
		D0E88E8A2EDEE85B00A5E470 /* DailyCarbsEntry.swift in Sources */ = {isa = PBXBuildFile; fileRef = D0E88E892EDEE85B00A5E470 /* DailyCarbsEntry.swift */; };
		D0E88E8C2EDEE99500A5E470 /* CarbsViewModel.swift in Sources */ = {isa = PBXBuildFile; fileRef = D0E88E8B2EDEE99500A5E470 /* CarbsViewModel.swift */; };
		D0E88E8E2EDEEA2900A5E470 /* CarbsView.swift in Sources */ = {isa = PBXBuildFile; fileRef = D0E88E8D2EDEEA2900A5E470 /* CarbsView.swift */; };
		D0E88E902EDEEFFD00A5E470 /* NutritionDashboardView.swift in Sources */ = {isa = PBXBuildFile; fileRef = D0E88E8F2EDEEFFD00A5E470 /* NutritionDashboardView.swift */; };
		D0E88E922EDEF72A00A5E470 /* HealthStore+Protein.swift in Sources */ = {isa = PBXBuildFile; fileRef = D0E88E912EDEF72A00A5E470 /* HealthStore+Protein.swift */; };
		D0E88E942EDEF82700A5E470 /* ProteinViewModel.swift in Sources */ = {isa = PBXBuildFile; fileRef = D0E88E932EDEF82700A5E470 /* ProteinViewModel.swift */; };
		D0E88E962EDEF8A800A5E470 /* DailyProteinEntry.swift in Sources */ = {isa = PBXBuildFile; fileRef = D0E88E952EDEF8A800A5E470 /* DailyProteinEntry.swift */; };
		D0E88E982EDF064900A5E470 /* DailyFatEntry.swift in Sources */ = {isa = PBXBuildFile; fileRef = D0E88E972EDF064900A5E470 /* DailyFatEntry.swift */; };
		D0E88E9A2EDF066700A5E470 /* HealthStore+Fat.swift in Sources */ = {isa = PBXBuildFile; fileRef = D0E88E992EDF066700A5E470 /* HealthStore+Fat.swift */; };
		D0E88E9C2EDF071E00A5E470 /* FatViewModel.swift in Sources */ = {isa = PBXBuildFile; fileRef = D0E88E9B2EDF071E00A5E470 /* FatViewModel.swift */; };
		D0E88E9E2EDF0AB500A5E470 /* DailyNutritionEnergyEntry.swift in Sources */ = {isa = PBXBuildFile; fileRef = D0E88E9D2EDF0AB500A5E470 /* DailyNutritionEnergyEntry.swift */; };
		D0E88EA02EDF0AD100A5E470 /* HealthStore+NutritionEnergy.swift in Sources */ = {isa = PBXBuildFile; fileRef = D0E88E9F2EDF0AD100A5E470 /* HealthStore+NutritionEnergy.swift */; };
		D0E88EA22EDF0B5900A5E470 /* NutritionEnergyViewModel.swift in Sources */ = {isa = PBXBuildFile; fileRef = D0E88EA12EDF0B5900A5E470 /* NutritionEnergyViewModel.swift */; };
		D0E88EA42EDF0BA000A5E470 /* NutritionEnergyView.swift in Sources */ = {isa = PBXBuildFile; fileRef = D0E88EA32EDF0BA000A5E470 /* NutritionEnergyView.swift */; };
		D0FB11012EE02B6B0047AD41 /* AveragePeriodsScaledBarChart.swift in Sources */ = {isa = PBXBuildFile; fileRef = D0FB11002EE02B6B0047AD41 /* AveragePeriodsScaledBarChart.swift */; };
		D0FB11032EE030D80047AD41 /* MonthlyScaledBarChart.swift in Sources */ = {isa = PBXBuildFile; fileRef = D0FB11022EE030D80047AD41 /* MonthlyScaledBarChart.swift */; };
		D0FB11072EE045600047AD41 /* NutritionSectionCardScaled.swift in Sources */ = {isa = PBXBuildFile; fileRef = D0FB11062EE045600047AD41 /* NutritionSectionCardScaled.swift */; };
		D0FB11092EE08EAE0047AD41 /* ActivitySectionCardScaled.swift in Sources */ = {isa = PBXBuildFile; fileRef = D0FB11082EE08EAE0047AD41 /* ActivitySectionCardScaled.swift */; };
		D0FB110B2EE092310047AD41 /* BodySectionCardScaled.swift in Sources */ = {isa = PBXBuildFile; fileRef = D0FB110A2EE092310047AD41 /* BodySectionCardScaled.swift */; };
		D0FB110D2EE0987F0047AD41 /* MetabolicSectionCardScaled.swift in Sources */ = {isa = PBXBuildFile; fileRef = D0FB110C2EE0987F0047AD41 /* MetabolicSectionCardScaled.swift */; };
/* End PBXBuildFile section */

/* Begin PBXFileReference section */
		D0022A752EE1B46E0035CE48 /* ActivityOverviewViewModel.swift */ = {isa = PBXFileReference; lastKnownFileType = sourcecode.swift; path = ActivityOverviewViewModel.swift; sourceTree = "<group>"; };
		D0022A772EE1B4910035CE48 /* ActivityOverviewView.swift */ = {isa = PBXFileReference; lastKnownFileType = sourcecode.swift; path = ActivityOverviewView.swift; sourceTree = "<group>"; };
		D0022A792EE1B8130035CE48 /* BodyOverviewViewModel.swift */ = {isa = PBXFileReference; lastKnownFileType = sourcecode.swift; path = BodyOverviewViewModel.swift; sourceTree = "<group>"; };
		D0022A7B2EE1B82E0035CE48 /* BodyOverviewView.swift */ = {isa = PBXFileReference; lastKnownFileType = sourcecode.swift; path = BodyOverviewView.swift; sourceTree = "<group>"; };
		D02F830C2ED26AA2005011A1 /* DailyStepsEntry.swift */ = {isa = PBXFileReference; lastKnownFileType = sourcecode.swift; path = DailyStepsEntry.swift; sourceTree = "<group>"; };
		D02F830E2ED26AE7005011A1 /* StepsViewModel.swift */ = {isa = PBXFileReference; lastKnownFileType = sourcecode.swift; path = StepsViewModel.swift; sourceTree = "<group>"; };
		D02F83102ED26B11005011A1 /* ActivityEnergyViewModel.swift */ = {isa = PBXFileReference; lastKnownFileType = sourcecode.swift; path = ActivityEnergyViewModel.swift; sourceTree = "<group>"; };
		D02F83132ED26B78005011A1 /* DefaultsStore.swift */ = {isa = PBXFileReference; lastKnownFileType = sourcecode.swift; path = DefaultsStore.swift; sourceTree = "<group>"; };
		D02F83172ED2733F005011A1 /* ActivityEnergyEntry.swift */ = {isa = PBXFileReference; lastKnownFileType = sourcecode.swift; path = ActivityEnergyEntry.swift; sourceTree = "<group>"; };
		D02F831C2ED273C8005011A1 /* DaillySleepEntry.swift */ = {isa = PBXFileReference; lastKnownFileType = sourcecode.swift; path = DaillySleepEntry.swift; sourceTree = "<group>"; };
		D02F831E2ED2A3CB005011A1 /* SleepView.swift */ = {isa = PBXFileReference; lastKnownFileType = sourcecode.swift; path = SleepView.swift; sourceTree = "<group>"; };
		D02F83202ED2A498005011A1 /* WeightView.swift */ = {isa = PBXFileReference; lastKnownFileType = sourcecode.swift; path = WeightView.swift; sourceTree = "<group>"; };
		D02F83222ED2A606005011A1 /* TimeInRangeView.swift */ = {isa = PBXFileReference; lastKnownFileType = sourcecode.swift; path = TimeInRangeView.swift; sourceTree = "<group>"; };
		D02F83242ED2A637005011A1 /* BolusView.swift */ = {isa = PBXFileReference; lastKnownFileType = sourcecode.swift; path = BolusView.swift; sourceTree = "<group>"; };
		D02F83262ED2A645005011A1 /* BasalView.swift */ = {isa = PBXFileReference; lastKnownFileType = sourcecode.swift; path = BasalView.swift; sourceTree = "<group>"; };
		D02F83282ED2A68B005011A1 /* CarbBolusRatioView.swift */ = {isa = PBXFileReference; lastKnownFileType = sourcecode.swift; path = CarbBolusRatioView.swift; sourceTree = "<group>"; };
		D02F832A2ED2A6A2005011A1 /* GmiView.swift */ = {isa = PBXFileReference; lastKnownFileType = sourcecode.swift; path = GmiView.swift; sourceTree = "<group>"; };
		D02F832E2ED2A7B8005011A1 /* ProteinView.swift */ = {isa = PBXFileReference; lastKnownFileType = sourcecode.swift; path = ProteinView.swift; sourceTree = "<group>"; };
		D02F83302ED2A7C5005011A1 /* FatView.swift */ = {isa = PBXFileReference; lastKnownFileType = sourcecode.swift; path = FatView.swift; sourceTree = "<group>"; };
		D02F83342ED2A971005011A1 /* DailyWeightEntry.swift */ = {isa = PBXFileReference; lastKnownFileType = sourcecode.swift; path = DailyWeightEntry.swift; sourceTree = "<group>"; };
		D0306B592EC9DD49004BE9C2 /* GluVibProbe.app */ = {isa = PBXFileReference; explicitFileType = wrapper.application; includeInIndex = 0; path = GluVibProbe.app; sourceTree = BUILT_PRODUCTS_DIR; };
		D0306B5C2EC9DD49004BE9C2 /* GluVibProbeApp.swift */ = {isa = PBXFileReference; lastKnownFileType = sourcecode.swift; path = GluVibProbeApp.swift; sourceTree = "<group>"; };
		D0306B6F2EC9E0D6004BE9C2 /* AppRouter.swift */ = {isa = PBXFileReference; lastKnownFileType = sourcecode.swift; path = AppRouter.swift; sourceTree = "<group>"; };
		D0306B732EC9E1B7004BE9C2 /* AppState.swift */ = {isa = PBXFileReference; lastKnownFileType = sourcecode.swift; path = AppState.swift; sourceTree = "<group>"; };
		D0306B752EC9E2B0004BE9C2 /* HomeView.swift */ = {isa = PBXFileReference; lastKnownFileType = sourcecode.swift; path = HomeView.swift; sourceTree = "<group>"; };
		D0306B7F2EC9E371004BE9C2 /* HistoryView.swift */ = {isa = PBXFileReference; lastKnownFileType = sourcecode.swift; path = HistoryView.swift; sourceTree = "<group>"; };
		D0306B822EC9E3BB004BE9C2 /* SettingsView.swift */ = {isa = PBXFileReference; lastKnownFileType = sourcecode.swift; path = SettingsView.swift; sourceTree = "<group>"; };
		D041927A2EE0A6740046B2D4 /* NutritionOverviewView.swift */ = {isa = PBXFileReference; lastKnownFileType = sourcecode.swift; path = NutritionOverviewView.swift; sourceTree = "<group>"; };
		D041927C2EE0AE050046B2D4 /* NutritionOverviewViewModel.swift */ = {isa = PBXFileReference; lastKnownFileType = sourcecode.swift; path = NutritionOverviewViewModel.swift; sourceTree = "<group>"; };
		D0573AAE2ECB1E270025A4AE /* RangeSlider.swift */ = {isa = PBXFileReference; lastKnownFileType = sourcecode.swift; path = RangeSlider.swift; sourceTree = "<group>"; };
		D0573AB02ECB22250025A4AE /* LowerUpperRangeGlucoseSlider.swift */ = {isa = PBXFileReference; lastKnownFileType = sourcecode.swift; path = LowerUpperRangeGlucoseSlider.swift; sourceTree = "<group>"; };
		D0573AB32ECB4A320025A4AE /* HealthStore.swift .swift */ = {isa = PBXFileReference; lastKnownFileType = sourcecode.swift; path = "HealthStore.swift .swift"; sourceTree = "<group>"; };
		D05873922ED32F7E0010C475 /* SettingsModel.swift */ = {isa = PBXFileReference; lastKnownFileType = sourcecode.swift; path = SettingsModel.swift; sourceTree = "<group>"; };
		D05873962ED4628D0010C475 /* HealthStore_archive.swift */ = {isa = PBXFileReference; fileEncoding = 4; lastKnownFileType = sourcecode.swift; path = HealthStore_archive.swift; sourceTree = "<group>"; };
		D05873A52ED700A30010C475 /* MetricDomain.swift */ = {isa = PBXFileReference; lastKnownFileType = sourcecode.swift; path = MetricDomain.swift; sourceTree = "<group>"; };
		D05873AB2ED72E1A0010C475 /* ChartCard.swift */ = {isa = PBXFileReference; lastKnownFileType = sourcecode.swift; path = ChartCard.swift; sourceTree = "<group>"; };
		D05873AD2ED8648E0010C475 /* SleepViewModel.swift */ = {isa = PBXFileReference; lastKnownFileType = sourcecode.swift; path = SleepViewModel.swift; sourceTree = "<group>"; };
		D07C436C2ECB66160057682A /* StepsView.swift */ = {isa = PBXFileReference; lastKnownFileType = sourcecode.swift; path = StepsView.swift; sourceTree = "<group>"; };
		D07C436E2ECB67D20057682A /* KPICard.swift */ = {isa = PBXFileReference; lastKnownFileType = sourcecode.swift; path = KPICard.swift; sourceTree = "<group>"; };
		D07C43702ECB68A00057682A /* SectionHeader.swift */ = {isa = PBXFileReference; lastKnownFileType = sourcecode.swift; path = SectionHeader.swift; sourceTree = "<group>"; };
		D07F50122EDF7D25006F723F /* MetricScaleHelper.swift */ = {isa = PBXFileReference; lastKnownFileType = sourcecode.swift; path = MetricScaleHelper.swift; sourceTree = "<group>"; };
		D07F50142EDF7D5E006F723F /* Last90DaysScaledBarChart.swift */ = {isa = PBXFileReference; lastKnownFileType = sourcecode.swift; path = Last90DaysScaledBarChart.swift; sourceTree = "<group>"; };
		D085FBCC2ECC5716009DDAB1 /* GluBottomTabBar.swift */ = {isa = PBXFileReference; lastKnownFileType = sourcecode.swift; path = GluBottomTabBar.swift; sourceTree = "<group>"; };
		D0B082052ED1C3D000D77F09 /* ActivityDashboardView.swift */ = {isa = PBXFileReference; lastKnownFileType = sourcecode.swift; path = ActivityDashboardView.swift; sourceTree = "<group>"; };
		D0C6B2342ECC9F80000AC73E /* Color+GluVibe.swift */ = {isa = PBXFileReference; lastKnownFileType = sourcecode.swift; path = "Color+GluVibe.swift"; sourceTree = "<group>"; };
		D0C87F762ECF247C00658CC1 /* ActivityEnergyView.swift */ = {isa = PBXFileReference; lastKnownFileType = sourcecode.swift; path = ActivityEnergyView.swift; sourceTree = "<group>"; };
		D0D15DF02ED9895F00DD41E7 /* BodyDashboardView.swift */ = {isa = PBXFileReference; lastKnownFileType = sourcecode.swift; path = BodyDashboardView.swift; sourceTree = "<group>"; };
		D0D15DF52ED9E1AC00DD41E7 /* WeightViewModel.swift */ = {isa = PBXFileReference; lastKnownFileType = sourcecode.swift; path = WeightViewModel.swift; sourceTree = "<group>"; };
		D0D15DF92EDABE1500DD41E7 /* HealthStore+Sleep.swift */ = {isa = PBXFileReference; lastKnownFileType = sourcecode.swift; path = "HealthStore+Sleep.swift"; sourceTree = "<group>"; };
		D0D15DFB2EDAC0CA00DD41E7 /* HealthStore+Weight.swift */ = {isa = PBXFileReference; lastKnownFileType = sourcecode.swift; path = "HealthStore+Weight.swift"; sourceTree = "<group>"; };
		D0D15DFD2EDAC16300DD41E7 /* HealthStore+ActivityEnergy.swift */ = {isa = PBXFileReference; lastKnownFileType = sourcecode.swift; path = "HealthStore+ActivityEnergy.swift"; sourceTree = "<group>"; };
		D0D15DFF2EDAC1C400DD41E7 /* HealthStore+Steps.swift */ = {isa = PBXFileReference; lastKnownFileType = sourcecode.swift; path = "HealthStore+Steps.swift"; sourceTree = "<group>"; };
		D0D15E032EDAF8F900DD41E7 /* BodySettingsSection.swift */ = {isa = PBXFileReference; lastKnownFileType = sourcecode.swift; path = BodySettingsSection.swift; sourceTree = "<group>"; };
		D0D15E052EDAFC8900DD41E7 /* SettingsUnits.swift */ = {isa = PBXFileReference; lastKnownFileType = sourcecode.swift; path = SettingsUnits.swift; sourceTree = "<group>"; };
		D0D15E072EDB10F900DD41E7 /* ActivitySettingsSection.swift */ = {isa = PBXFileReference; lastKnownFileType = sourcecode.swift; path = ActivitySettingsSection.swift; sourceTree = "<group>"; };
		D0D15E092EDB1A2800DD41E7 /* NutritionSettingsSection.swift */ = {isa = PBXFileReference; lastKnownFileType = sourcecode.swift; path = NutritionSettingsSection.swift; sourceTree = "<group>"; };
		D0D15E0B2EDBF7F500DD41E7 /* UnitsSettingsSection.swift */ = {isa = PBXFileReference; lastKnownFileType = sourcecode.swift; path = UnitsSettingsSection.swift; sourceTree = "<group>"; };
		D0D15E0D2EDBFE9400DD41E7 /* MetabolicSettingsSection.swift */ = {isa = PBXFileReference; lastKnownFileType = sourcecode.swift; path = MetabolicSettingsSection.swift; sourceTree = "<group>"; };
		D0D15E102EDDA93C00DD41E7 /* GluVibPrimaryButtonStyle.swift */ = {isa = PBXFileReference; lastKnownFileType = sourcecode.swift; path = GluVibPrimaryButtonStyle.swift; sourceTree = "<group>"; };
		D0D15E132EDDC71300DD41E7 /* SettingsDomainPicker.swift */ = {isa = PBXFileReference; lastKnownFileType = sourcecode.swift; path = SettingsDomainPicker.swift; sourceTree = "<group>"; };
		D0D15E152EDDCAA700DD41E7 /* SettingsButtonBar.swift */ = {isa = PBXFileReference; lastKnownFileType = sourcecode.swift; path = SettingsButtonBar.swift; sourceTree = "<group>"; };
		D0DC51042EE09C2D00C303A9 /* TimeSeriesModels.swift */ = {isa = PBXFileReference; lastKnownFileType = sourcecode.swift; path = TimeSeriesModels.swift; sourceTree = "<group>"; };
		D0E88E872EDEE84600A5E470 /* HealthStore+Carbs.swift */ = {isa = PBXFileReference; lastKnownFileType = sourcecode.swift; path = "HealthStore+Carbs.swift"; sourceTree = "<group>"; };
		D0E88E892EDEE85B00A5E470 /* DailyCarbsEntry.swift */ = {isa = PBXFileReference; lastKnownFileType = sourcecode.swift; path = DailyCarbsEntry.swift; sourceTree = "<group>"; };
		D0E88E8B2EDEE99500A5E470 /* CarbsViewModel.swift */ = {isa = PBXFileReference; lastKnownFileType = sourcecode.swift; path = CarbsViewModel.swift; sourceTree = "<group>"; };
		D0E88E8D2EDEEA2900A5E470 /* CarbsView.swift */ = {isa = PBXFileReference; lastKnownFileType = sourcecode.swift; path = CarbsView.swift; sourceTree = "<group>"; };
		D0E88E8F2EDEEFFD00A5E470 /* NutritionDashboardView.swift */ = {isa = PBXFileReference; lastKnownFileType = sourcecode.swift; path = NutritionDashboardView.swift; sourceTree = "<group>"; };
		D0E88E912EDEF72A00A5E470 /* HealthStore+Protein.swift */ = {isa = PBXFileReference; lastKnownFileType = sourcecode.swift; path = "HealthStore+Protein.swift"; sourceTree = "<group>"; };
		D0E88E932EDEF82700A5E470 /* ProteinViewModel.swift */ = {isa = PBXFileReference; lastKnownFileType = sourcecode.swift; path = ProteinViewModel.swift; sourceTree = "<group>"; };
		D0E88E952EDEF8A800A5E470 /* DailyProteinEntry.swift */ = {isa = PBXFileReference; lastKnownFileType = sourcecode.swift; path = DailyProteinEntry.swift; sourceTree = "<group>"; };
		D0E88E972EDF064900A5E470 /* DailyFatEntry.swift */ = {isa = PBXFileReference; lastKnownFileType = sourcecode.swift; path = DailyFatEntry.swift; sourceTree = "<group>"; };
		D0E88E992EDF066700A5E470 /* HealthStore+Fat.swift */ = {isa = PBXFileReference; lastKnownFileType = sourcecode.swift; path = "HealthStore+Fat.swift"; sourceTree = "<group>"; };
		D0E88E9B2EDF071E00A5E470 /* FatViewModel.swift */ = {isa = PBXFileReference; lastKnownFileType = sourcecode.swift; path = FatViewModel.swift; sourceTree = "<group>"; };
		D0E88E9D2EDF0AB500A5E470 /* DailyNutritionEnergyEntry.swift */ = {isa = PBXFileReference; lastKnownFileType = sourcecode.swift; path = DailyNutritionEnergyEntry.swift; sourceTree = "<group>"; };
		D0E88E9F2EDF0AD100A5E470 /* HealthStore+NutritionEnergy.swift */ = {isa = PBXFileReference; lastKnownFileType = sourcecode.swift; path = "HealthStore+NutritionEnergy.swift"; sourceTree = "<group>"; };
		D0E88EA12EDF0B5900A5E470 /* NutritionEnergyViewModel.swift */ = {isa = PBXFileReference; lastKnownFileType = sourcecode.swift; path = NutritionEnergyViewModel.swift; sourceTree = "<group>"; };
		D0E88EA32EDF0BA000A5E470 /* NutritionEnergyView.swift */ = {isa = PBXFileReference; lastKnownFileType = sourcecode.swift; path = NutritionEnergyView.swift; sourceTree = "<group>"; };
		D0FB11002EE02B6B0047AD41 /* AveragePeriodsScaledBarChart.swift */ = {isa = PBXFileReference; lastKnownFileType = sourcecode.swift; path = AveragePeriodsScaledBarChart.swift; sourceTree = "<group>"; };
		D0FB11022EE030D80047AD41 /* MonthlyScaledBarChart.swift */ = {isa = PBXFileReference; lastKnownFileType = sourcecode.swift; path = MonthlyScaledBarChart.swift; sourceTree = "<group>"; };
		D0FB11062EE045600047AD41 /* NutritionSectionCardScaled.swift */ = {isa = PBXFileReference; lastKnownFileType = sourcecode.swift; path = NutritionSectionCardScaled.swift; sourceTree = "<group>"; };
		D0FB11082EE08EAE0047AD41 /* ActivitySectionCardScaled.swift */ = {isa = PBXFileReference; lastKnownFileType = sourcecode.swift; path = ActivitySectionCardScaled.swift; sourceTree = "<group>"; };
		D0FB110A2EE092310047AD41 /* BodySectionCardScaled.swift */ = {isa = PBXFileReference; lastKnownFileType = sourcecode.swift; path = BodySectionCardScaled.swift; sourceTree = "<group>"; };
		D0FB110C2EE0987F0047AD41 /* MetabolicSectionCardScaled.swift */ = {isa = PBXFileReference; lastKnownFileType = sourcecode.swift; path = MetabolicSectionCardScaled.swift; sourceTree = "<group>"; };
/* End PBXFileReference section */

/* Begin PBXFileSystemSynchronizedRootGroup section */
		D0306B5B2EC9DD49004BE9C2 /* GluVibProbe */ = {
			isa = PBXFileSystemSynchronizedRootGroup;
			path = GluVibProbe;
			sourceTree = "<group>";
		};
		D0D15E172EDDCD2D00DD41E7 /* Helpers */ = {
			isa = PBXFileSystemSynchronizedRootGroup;
			path = Helpers;
			sourceTree = "<group>";
		};
/* End PBXFileSystemSynchronizedRootGroup section */

/* Begin PBXFrameworksBuildPhase section */
		D0306B562EC9DD49004BE9C2 /* Frameworks */ = {
			isa = PBXFrameworksBuildPhase;
			buildActionMask = 2147483647;
			files = (
			);
			runOnlyForDeploymentPostprocessing = 0;
		};
/* End PBXFrameworksBuildPhase section */

/* Begin PBXGroup section */
		D02F83122ED26B2F005011A1 /* Persistence */ = {
			isa = PBXGroup;
			children = (
				D02F83132ED26B78005011A1 /* DefaultsStore.swift */,
			);
			path = Persistence;
			sourceTree = "<group>";
		};
		D02F83152ED26C73005011A1 /* Metabolic */ = {
			isa = PBXGroup;
			children = (
				D02F832A2ED2A6A2005011A1 /* GmiView.swift */,
				D02F83222ED2A606005011A1 /* TimeInRangeView.swift */,
				D02F83242ED2A637005011A1 /* BolusView.swift */,
				D02F83262ED2A645005011A1 /* BasalView.swift */,
				D02F83282ED2A68B005011A1 /* CarbBolusRatioView.swift */,
			);
			path = Metabolic;
			sourceTree = "<group>";
		};
		D02F83162ED272EF005011A1 /* BodyActivity */ = {
			isa = PBXGroup;
			children = (
				D02F830C2ED26AA2005011A1 /* DailyStepsEntry.swift */,
				D02F83172ED2733F005011A1 /* ActivityEnergyEntry.swift */,
				D02F831C2ED273C8005011A1 /* DaillySleepEntry.swift */,
				D02F83342ED2A971005011A1 /* DailyWeightEntry.swift */,
			);
			path = BodyActivity;
			sourceTree = "<group>";
		};
		D02F83192ED27356005011A1 /* Metabolic */ = {
			isa = PBXGroup;
			children = (
			);
			path = Metabolic;
			sourceTree = "<group>";
		};
		D02F831A2ED27366005011A1 /* Nutrition */ = {
			isa = PBXGroup;
			children = (
				D0E88E892EDEE85B00A5E470 /* DailyCarbsEntry.swift */,
				D0E88E952EDEF8A800A5E470 /* DailyProteinEntry.swift */,
				D0E88E972EDF064900A5E470 /* DailyFatEntry.swift */,
				D0E88E9D2EDF0AB500A5E470 /* DailyNutritionEnergyEntry.swift */,
			);
			path = Nutrition;
			sourceTree = "<group>";
		};
		D02F831B2ED27375005011A1 /* SettingsModel */ = {
			isa = PBXGroup;
			children = (
				D05873922ED32F7E0010C475 /* SettingsModel.swift */,
				D0D15E052EDAFC8900DD41E7 /* SettingsUnits.swift */,
			);
			path = SettingsModel;
			sourceTree = "<group>";
		};
		D0306B502EC9DD48004BE9C2 = {
			isa = PBXGroup;
			children = (
				D0306B672EC9DE04004BE9C2 /* App */,
				D0306B6A2EC9DEFE004BE9C2 /* Models */,
				D0306B6B2EC9DF10004BE9C2 /* ViewModels */,
				D0306B6D2EC9DF2A004BE9C2 /* Themes */,
				D0306B6C2EC9DF1F004BE9C2 /* Services */,
				D0306B692EC9DEE8004BE9C2 /* Shared */,
				D0306B682EC9DEDE004BE9C2 /* Features */,
				D0306B5B2EC9DD49004BE9C2 /* GluVibProbe */,
				D0306B5A2EC9DD49004BE9C2 /* Products */,
			);
			sourceTree = "<group>";
		};
		D0306B5A2EC9DD49004BE9C2 /* Products */ = {
			isa = PBXGroup;
			children = (
				D0306B592EC9DD49004BE9C2 /* GluVibProbe.app */,
			);
			name = Products;
			sourceTree = "<group>";
		};
		D0306B672EC9DE04004BE9C2 /* App */ = {
			isa = PBXGroup;
			children = (
				D0306B5C2EC9DD49004BE9C2 /* GluVibProbeApp.swift */,
				D0306B6F2EC9E0D6004BE9C2 /* AppRouter.swift */,
				D0306B732EC9E1B7004BE9C2 /* AppState.swift */,
			);
			path = App;
			sourceTree = "<group>";
		};
		D0306B682EC9DEDE004BE9C2 /* Features */ = {
			isa = PBXGroup;
			children = (
				D0306B7B2EC9E30E004BE9C2 /* Activity  */,
				D0D15DF22ED9896D00DD41E7 /* Body */,
				D0306B772EC9E2BE004BE9C2 /* Home */,
				D02F83152ED26C73005011A1 /* Metabolic */,
				D0306B782EC9E2DC004BE9C2 /* Nutrition */,
				D0306B7E2EC9E356004BE9C2 /* History */,
				D0306B812EC9E3A1004BE9C2 /* Settings */,
			);
			path = Features;
			sourceTree = "<group>";
		};
		D0306B692EC9DEE8004BE9C2 /* Shared */ = {
			isa = PBXGroup;
			children = (
				D07F50112EDF7D12006F723F /* scaled */,
				D05873A42ED7007B0010C475 /* Design */,
				D0573AAD2ECB1DE30025A4AE /* Components */,
			);
			path = Shared;
			sourceTree = "<group>";
		};
		D0306B6A2EC9DEFE004BE9C2 /* Models */ = {
			isa = PBXGroup;
			children = (
				D02F831B2ED27375005011A1 /* SettingsModel */,
				D02F831A2ED27366005011A1 /* Nutrition */,
				D02F83192ED27356005011A1 /* Metabolic */,
				D02F83162ED272EF005011A1 /* BodyActivity */,
			);
			path = Models;
			sourceTree = "<group>";
		};
		D0306B6B2EC9DF10004BE9C2 /* ViewModels */ = {
			isa = PBXGroup;
			children = (
				D02F830E2ED26AE7005011A1 /* StepsViewModel.swift */,
				D02F83102ED26B11005011A1 /* ActivityEnergyViewModel.swift */,
				D05873AD2ED8648E0010C475 /* SleepViewModel.swift */,
				D0D15DF52ED9E1AC00DD41E7 /* WeightViewModel.swift */,
				D0E88E8B2EDEE99500A5E470 /* CarbsViewModel.swift */,
				D0E88E932EDEF82700A5E470 /* ProteinViewModel.swift */,
				D0E88E9B2EDF071E00A5E470 /* FatViewModel.swift */,
				D0E88EA12EDF0B5900A5E470 /* NutritionEnergyViewModel.swift */,
				D041927C2EE0AE050046B2D4 /* NutritionOverviewViewModel.swift */,
				D0022A752EE1B46E0035CE48 /* ActivityOverviewViewModel.swift */,
				D0022A792EE1B8130035CE48 /* BodyOverviewViewModel.swift */,
			);
			path = ViewModels;
			sourceTree = "<group>";
		};
		D0306B6C2EC9DF1F004BE9C2 /* Services */ = {
			isa = PBXGroup;
			children = (
				D0573AB22ECB4A030025A4AE /* HealthKit */,
				D02F83122ED26B2F005011A1 /* Persistence */,
			);
			path = Services;
			sourceTree = "<group>";
		};
		D0306B6D2EC9DF2A004BE9C2 /* Themes */ = {
			isa = PBXGroup;
			children = (
				D0C6B2342ECC9F80000AC73E /* Color+GluVibe.swift */,
			);
			path = Themes;
			sourceTree = "<group>";
		};
		D0306B772EC9E2BE004BE9C2 /* Home */ = {
			isa = PBXGroup;
			children = (
				D0306B752EC9E2B0004BE9C2 /* HomeView.swift */,
			);
			path = Home;
			sourceTree = "<group>";
		};
		D0306B782EC9E2DC004BE9C2 /* Nutrition */ = {
			isa = PBXGroup;
			children = (
				D041927A2EE0A6740046B2D4 /* NutritionOverviewView.swift */,
				D0E88E8F2EDEEFFD00A5E470 /* NutritionDashboardView.swift */,
				D0E88E8D2EDEEA2900A5E470 /* CarbsView.swift */,
				D02F832E2ED2A7B8005011A1 /* ProteinView.swift */,
				D02F83302ED2A7C5005011A1 /* FatView.swift */,
				D0E88EA32EDF0BA000A5E470 /* NutritionEnergyView.swift */,
			);
			path = Nutrition;
			sourceTree = "<group>";
		};
		D0306B7B2EC9E30E004BE9C2 /* Activity  */ = {
			isa = PBXGroup;
			children = (
				D0022A772EE1B4910035CE48 /* ActivityOverviewView.swift */,
				D0B082052ED1C3D000D77F09 /* ActivityDashboardView.swift */,
				D07C436C2ECB66160057682A /* StepsView.swift */,
				D0C87F762ECF247C00658CC1 /* ActivityEnergyView.swift */,
			);
			path = "Activity ";
			sourceTree = "<group>";
		};
		D0306B7E2EC9E356004BE9C2 /* History */ = {
			isa = PBXGroup;
			children = (
				D0306B7F2EC9E371004BE9C2 /* HistoryView.swift */,
			);
			path = History;
			sourceTree = "<group>";
		};
		D0306B812EC9E3A1004BE9C2 /* Settings */ = {
			isa = PBXGroup;
			children = (
				D0D15E172EDDCD2D00DD41E7 /* Helpers */,
				D0D15E122EDDC6EA00DD41E7 /* Components */,
				D0306B822EC9E3BB004BE9C2 /* SettingsView.swift */,
				D0D15E032EDAF8F900DD41E7 /* BodySettingsSection.swift */,
				D0D15E072EDB10F900DD41E7 /* ActivitySettingsSection.swift */,
				D0D15E092EDB1A2800DD41E7 /* NutritionSettingsSection.swift */,
				D0D15E0D2EDBFE9400DD41E7 /* MetabolicSettingsSection.swift */,
				D0D15E0B2EDBF7F500DD41E7 /* UnitsSettingsSection.swift */,
			);
			path = Settings;
			sourceTree = "<group>";
		};
		D0573AAD2ECB1DE30025A4AE /* Components */ = {
			isa = PBXGroup;
			children = (
				D0D15E0F2EDDA91D00DD41E7 /* Buttons */,
				D0573AAE2ECB1E270025A4AE /* RangeSlider.swift */,
				D0573AB02ECB22250025A4AE /* LowerUpperRangeGlucoseSlider.swift */,
				D07C436E2ECB67D20057682A /* KPICard.swift */,
				D07C43702ECB68A00057682A /* SectionHeader.swift */,
				D085FBCC2ECC5716009DDAB1 /* GluBottomTabBar.swift */,
				D05873AB2ED72E1A0010C475 /* ChartCard.swift */,
				D0FB11082EE08EAE0047AD41 /* ActivitySectionCardScaled.swift */,
				D0FB110A2EE092310047AD41 /* BodySectionCardScaled.swift */,
				D0FB11062EE045600047AD41 /* NutritionSectionCardScaled.swift */,
				D0FB110C2EE0987F0047AD41 /* MetabolicSectionCardScaled.swift */,
				D07F50142EDF7D5E006F723F /* Last90DaysScaledBarChart.swift */,
				D0FB11002EE02B6B0047AD41 /* AveragePeriodsScaledBarChart.swift */,
				D0FB11022EE030D80047AD41 /* MonthlyScaledBarChart.swift */,
			);
			path = Components;
			sourceTree = "<group>";
		};
		D0573AB22ECB4A030025A4AE /* HealthKit */ = {
			isa = PBXGroup;
			children = (
				D0573AB32ECB4A320025A4AE /* HealthStore.swift .swift */,
				D0D15DF92EDABE1500DD41E7 /* HealthStore+Sleep.swift */,
				D0D15DFB2EDAC0CA00DD41E7 /* HealthStore+Weight.swift */,
				D0D15DFD2EDAC16300DD41E7 /* HealthStore+ActivityEnergy.swift */,
				D0D15DFF2EDAC1C400DD41E7 /* HealthStore+Steps.swift */,
				D05873962ED4628D0010C475 /* HealthStore_archive.swift */,
				D0E88E872EDEE84600A5E470 /* HealthStore+Carbs.swift */,
				D0E88E912EDEF72A00A5E470 /* HealthStore+Protein.swift */,
				D0E88E992EDF066700A5E470 /* HealthStore+Fat.swift */,
				D0E88E9F2EDF0AD100A5E470 /* HealthStore+NutritionEnergy.swift */,
			);
			path = HealthKit;
			sourceTree = "<group>";
		};
		D05873A42ED7007B0010C475 /* Design */ = {
			isa = PBXGroup;
			children = (
				D05873A52ED700A30010C475 /* MetricDomain.swift */,
			);
			path = Design;
			sourceTree = "<group>";
		};
		D07F50112EDF7D12006F723F /* scaled */ = {
			isa = PBXGroup;
			children = (
				D07F50122EDF7D25006F723F /* MetricScaleHelper.swift */,
				D0DC51042EE09C2D00C303A9 /* TimeSeriesModels.swift */,
			);
			path = scaled;
			sourceTree = "<group>";
		};
		D0D15DF22ED9896D00DD41E7 /* Body */ = {
			isa = PBXGroup;
			children = (
				D0022A7B2EE1B82E0035CE48 /* BodyOverviewView.swift */,
				D0D15DF02ED9895F00DD41E7 /* BodyDashboardView.swift */,
				D02F83202ED2A498005011A1 /* WeightView.swift */,
				D02F831E2ED2A3CB005011A1 /* SleepView.swift */,
			);
			path = Body;
			sourceTree = "<group>";
		};
		D0D15E0F2EDDA91D00DD41E7 /* Buttons */ = {
			isa = PBXGroup;
			children = (
				D0D15E102EDDA93C00DD41E7 /* GluVibPrimaryButtonStyle.swift */,
			);
			path = Buttons;
			sourceTree = "<group>";
		};
		D0D15E122EDDC6EA00DD41E7 /* Components */ = {
			isa = PBXGroup;
			children = (
				D0D15E132EDDC71300DD41E7 /* SettingsDomainPicker.swift */,
				D0D15E152EDDCAA700DD41E7 /* SettingsButtonBar.swift */,
			);
			path = Components;
			sourceTree = "<group>";
		};
/* End PBXGroup section */

/* Begin PBXNativeTarget section */
		D0306B582EC9DD49004BE9C2 /* GluVibProbe */ = {
			isa = PBXNativeTarget;
			buildConfigurationList = D0306B642EC9DD49004BE9C2 /* Build configuration list for PBXNativeTarget "GluVibProbe" */;
			buildPhases = (
				D0306B552EC9DD49004BE9C2 /* Sources */,
				D0306B562EC9DD49004BE9C2 /* Frameworks */,
				D0306B572EC9DD49004BE9C2 /* Resources */,
			);
			buildRules = (
			);
			dependencies = (
			);
			fileSystemSynchronizedGroups = (
				D0306B5B2EC9DD49004BE9C2 /* GluVibProbe */,
				D0D15E172EDDCD2D00DD41E7 /* Helpers */,
			);
			name = GluVibProbe;
			packageProductDependencies = (
			);
			productName = GluVibProbe;
			productReference = D0306B592EC9DD49004BE9C2 /* GluVibProbe.app */;
			productType = "com.apple.product-type.application";
		};
/* End PBXNativeTarget section */

/* Begin PBXProject section */
		D0306B512EC9DD49004BE9C2 /* Project object */ = {
			isa = PBXProject;
			attributes = {
				BuildIndependentTargetsInParallel = 1;
				LastSwiftUpdateCheck = 2610;
				LastUpgradeCheck = 2610;
				TargetAttributes = {
					D0306B582EC9DD49004BE9C2 = {
						CreatedOnToolsVersion = 26.1;
					};
				};
			};
			buildConfigurationList = D0306B542EC9DD49004BE9C2 /* Build configuration list for PBXProject "GluVibProbe" */;
			developmentRegion = en;
			hasScannedForEncodings = 0;
			knownRegions = (
				en,
				Base,
			);
			mainGroup = D0306B502EC9DD48004BE9C2;
			minimizedProjectReferenceProxies = 1;
			preferredProjectObjectVersion = 77;
			productRefGroup = D0306B5A2EC9DD49004BE9C2 /* Products */;
			projectDirPath = "";
			projectRoot = "";
			targets = (
				D0306B582EC9DD49004BE9C2 /* GluVibProbe */,
			);
		};
/* End PBXProject section */

/* Begin PBXResourcesBuildPhase section */
		D0306B572EC9DD49004BE9C2 /* Resources */ = {
			isa = PBXResourcesBuildPhase;
			buildActionMask = 2147483647;
			files = (
			);
			runOnlyForDeploymentPostprocessing = 0;
		};
/* End PBXResourcesBuildPhase section */

/* Begin PBXSourcesBuildPhase section */
		D0306B552EC9DD49004BE9C2 /* Sources */ = {
			isa = PBXSourcesBuildPhase;
			buildActionMask = 2147483647;
			files = (
				D0306B702EC9E0E5004BE9C2 /* AppRouter.swift in Sources */,
				D0D15E062EDAFC8900DD41E7 /* SettingsUnits.swift in Sources */,
				D0306B802EC9E371004BE9C2 /* HistoryView.swift in Sources */,
				D0D15DFE2EDAC16300DD41E7 /* HealthStore+ActivityEnergy.swift in Sources */,
				D02F83352ED2A971005011A1 /* DailyWeightEntry.swift in Sources */,
				D0E88E8C2EDEE99500A5E470 /* CarbsViewModel.swift in Sources */,
				D0D15E082EDB10F900DD41E7 /* ActivitySettingsSection.swift in Sources */,
				D0306B832EC9E3BB004BE9C2 /* SettingsView.swift in Sources */,
				D02F831D2ED273C8005011A1 /* DaillySleepEntry.swift in Sources */,
				D02F832F2ED2A7B8005011A1 /* ProteinView.swift in Sources */,
				D0FB110D2EE0987F0047AD41 /* MetabolicSectionCardScaled.swift in Sources */,
				D07C436F2ECB67D20057682A /* KPICard.swift in Sources */,
				D02F83312ED2A7C5005011A1 /* FatView.swift in Sources */,
				D0FB110B2EE092310047AD41 /* BodySectionCardScaled.swift in Sources */,
				D0D15E112EDDA93C00DD41E7 /* GluVibPrimaryButtonStyle.swift in Sources */,
				D07F50152EDF7D5E006F723F /* Last90DaysScaledBarChart.swift in Sources */,
				D0E88E942EDEF82700A5E470 /* ProteinViewModel.swift in Sources */,
				D02F83292ED2A68B005011A1 /* CarbBolusRatioView.swift in Sources */,
				D02F83232ED2A606005011A1 /* TimeInRangeView.swift in Sources */,
				D0FB11092EE08EAE0047AD41 /* ActivitySectionCardScaled.swift in Sources */,
				D0022A7A2EE1B8130035CE48 /* BodyOverviewViewModel.swift in Sources */,
				D0FB11032EE030D80047AD41 /* MonthlyScaledBarChart.swift in Sources */,
				D05873932ED32F7E0010C475 /* SettingsModel.swift in Sources */,
				D05873A62ED700A30010C475 /* MetricDomain.swift in Sources */,
				D0D15DFA2EDABE1500DD41E7 /* HealthStore+Sleep.swift in Sources */,
				D0E88E962EDEF8A800A5E470 /* DailyProteinEntry.swift in Sources */,
				D0022A762EE1B46E0035CE48 /* ActivityOverviewViewModel.swift in Sources */,
				D0E88EA42EDF0BA000A5E470 /* NutritionEnergyView.swift in Sources */,
				D0D15E0C2EDBF7F500DD41E7 /* UnitsSettingsSection.swift in Sources */,
				D0E88E9E2EDF0AB500A5E470 /* DailyNutritionEnergyEntry.swift in Sources */,
				D0D15E0E2EDBFE9400DD41E7 /* MetabolicSettingsSection.swift in Sources */,
				D0E88E8E2EDEEA2900A5E470 /* CarbsView.swift in Sources */,
				D0306B5D2EC9DD49004BE9C2 /* GluVibProbeApp.swift in Sources */,
				D041927D2EE0AE050046B2D4 /* NutritionOverviewViewModel.swift in Sources */,
				D0D15E0A2EDB1A2800DD41E7 /* NutritionSettingsSection.swift in Sources */,
				D02F83272ED2A645005011A1 /* BasalView.swift in Sources */,
				D0E88EA22EDF0B5900A5E470 /* NutritionEnergyViewModel.swift in Sources */,
				D0C87F772ECF247C00658CC1 /* ActivityEnergyView.swift in Sources */,
				D02F83212ED2A498005011A1 /* WeightView.swift in Sources */,
				D07C436D2ECB66160057682A /* StepsView.swift in Sources */,
				D0D15DF62ED9E1AC00DD41E7 /* WeightViewModel.swift in Sources */,
				D07F50132EDF7D25006F723F /* MetricScaleHelper.swift in Sources */,
				D02F832B2ED2A6A2005011A1 /* GmiView.swift in Sources */,
				D0D15DFC2EDAC0CA00DD41E7 /* HealthStore+Weight.swift in Sources */,
				D0D15DF12ED9895F00DD41E7 /* BodyDashboardView.swift in Sources */,
				D0573AB42ECB4A320025A4AE /* HealthStore.swift .swift in Sources */,
				D02F83142ED26B78005011A1 /* DefaultsStore.swift in Sources */,
				D0573AAF2ECB1E270025A4AE /* RangeSlider.swift in Sources */,
				D041927B2EE0A6740046B2D4 /* NutritionOverviewView.swift in Sources */,
				D0DC51052EE09C2D00C303A9 /* TimeSeriesModels.swift in Sources */,
				D0FB11012EE02B6B0047AD41 /* AveragePeriodsScaledBarChart.swift in Sources */,
				D0FB11072EE045600047AD41 /* NutritionSectionCardScaled.swift in Sources */,
				D0E88EA02EDF0AD100A5E470 /* HealthStore+NutritionEnergy.swift in Sources */,
				D0E88E8A2EDEE85B00A5E470 /* DailyCarbsEntry.swift in Sources */,
				D0E88E9C2EDF071E00A5E470 /* FatViewModel.swift in Sources */,
				D085FBCD2ECC5716009DDAB1 /* GluBottomTabBar.swift in Sources */,
				D0B082062ED1C3D000D77F09 /* ActivityDashboardView.swift in Sources */,
				D0D15E042EDAF8F900DD41E7 /* BodySettingsSection.swift in Sources */,
				D02F83252ED2A637005011A1 /* BolusView.swift in Sources */,
				D0E88E922EDEF72A00A5E470 /* HealthStore+Protein.swift in Sources */,
				D0306B762EC9E2B0004BE9C2 /* HomeView.swift in Sources */,
				D05873AE2ED8648E0010C475 /* SleepViewModel.swift in Sources */,
				D02F831F2ED2A3CB005011A1 /* SleepView.swift in Sources */,
				D02F83182ED2733F005011A1 /* ActivityEnergyEntry.swift in Sources */,
				D02F83112ED26B11005011A1 /* ActivityEnergyViewModel.swift in Sources */,
				D0E88E9A2EDF066700A5E470 /* HealthStore+Fat.swift in Sources */,
				D0C6B2352ECC9F80000AC73E /* Color+GluVibe.swift in Sources */,
				D05873AC2ED72E1A0010C475 /* ChartCard.swift in Sources */,
				D02F830D2ED26AA2005011A1 /* DailyStepsEntry.swift in Sources */,
				D0573AB12ECB22250025A4AE /* LowerUpperRangeGlucoseSlider.swift in Sources */,
				D07C43712ECB68A00057682A /* SectionHeader.swift in Sources */,
				D0022A782EE1B4910035CE48 /* ActivityOverviewView.swift in Sources */,
				D0022A7C2EE1B82E0035CE48 /* BodyOverviewView.swift in Sources */,
				D0D15E1A2EDDDA2000DD41E7 /* SettingsButtonBar.swift in Sources */,
				D0E88E902EDEEFFD00A5E470 /* NutritionDashboardView.swift in Sources */,
				D0306B742EC9E1B7004BE9C2 /* AppState.swift in Sources */,
				D0D15E002EDAC1C400DD41E7 /* HealthStore+Steps.swift in Sources */,
				D0D15E142EDDC71300DD41E7 /* SettingsDomainPicker.swift in Sources */,
				D02F830F2ED26AE7005011A1 /* StepsViewModel.swift in Sources */,
				D0E88E982EDF064900A5E470 /* DailyFatEntry.swift in Sources */,
				D0E88E882EDEE84600A5E470 /* HealthStore+Carbs.swift in Sources */,
			);
			runOnlyForDeploymentPostprocessing = 0;
		};
/* End PBXSourcesBuildPhase section */

/* Begin XCBuildConfiguration section */
		D0306B622EC9DD49004BE9C2 /* Debug */ = {
			isa = XCBuildConfiguration;
			buildSettings = {
				ALWAYS_SEARCH_USER_PATHS = NO;
				ASSETCATALOG_COMPILER_GENERATE_SWIFT_ASSET_SYMBOL_EXTENSIONS = YES;
				CLANG_ANALYZER_NONNULL = YES;
				CLANG_ANALYZER_NUMBER_OBJECT_CONVERSION = YES_AGGRESSIVE;
				CLANG_CXX_LANGUAGE_STANDARD = "gnu++20";
				CLANG_ENABLE_MODULES = YES;
				CLANG_ENABLE_OBJC_ARC = YES;
				CLANG_ENABLE_OBJC_WEAK = YES;
				CLANG_WARN_BLOCK_CAPTURE_AUTORELEASING = YES;
				CLANG_WARN_BOOL_CONVERSION = YES;
				CLANG_WARN_COMMA = YES;
				CLANG_WARN_CONSTANT_CONVERSION = YES;
				CLANG_WARN_DEPRECATED_OBJC_IMPLEMENTATIONS = YES;
				CLANG_WARN_DIRECT_OBJC_ISA_USAGE = YES_ERROR;
				CLANG_WARN_DOCUMENTATION_COMMENTS = YES;
				CLANG_WARN_EMPTY_BODY = YES;
				CLANG_WARN_ENUM_CONVERSION = YES;
				CLANG_WARN_INFINITE_RECURSION = YES;
				CLANG_WARN_INT_CONVERSION = YES;
				CLANG_WARN_NON_LITERAL_NULL_CONVERSION = YES;
				CLANG_WARN_OBJC_IMPLICIT_RETAIN_SELF = YES;
				CLANG_WARN_OBJC_LITERAL_CONVERSION = YES;
				CLANG_WARN_OBJC_ROOT_CLASS = YES_ERROR;
				CLANG_WARN_QUOTED_INCLUDE_IN_FRAMEWORK_HEADER = YES;
				CLANG_WARN_RANGE_LOOP_ANALYSIS = YES;
				CLANG_WARN_STRICT_PROTOTYPES = YES;
				CLANG_WARN_SUSPICIOUS_MOVE = YES;
				CLANG_WARN_UNGUARDED_AVAILABILITY = YES_AGGRESSIVE;
				CLANG_WARN_UNREACHABLE_CODE = YES;
				CLANG_WARN__DUPLICATE_METHOD_MATCH = YES;
				COPY_PHASE_STRIP = NO;
				DEBUG_INFORMATION_FORMAT = dwarf;
				DEVELOPMENT_TEAM = HA3MYH6C68;
				ENABLE_STRICT_OBJC_MSGSEND = YES;
				ENABLE_TESTABILITY = YES;
				ENABLE_USER_SCRIPT_SANDBOXING = YES;
				GCC_C_LANGUAGE_STANDARD = gnu17;
				GCC_DYNAMIC_NO_PIC = NO;
				GCC_NO_COMMON_BLOCKS = YES;
				GCC_OPTIMIZATION_LEVEL = 0;
				GCC_PREPROCESSOR_DEFINITIONS = (
					"DEBUG=1",
					"$(inherited)",
				);
				GCC_WARN_64_TO_32_BIT_CONVERSION = YES;
				GCC_WARN_ABOUT_RETURN_TYPE = YES_ERROR;
				GCC_WARN_UNDECLARED_SELECTOR = YES;
				GCC_WARN_UNINITIALIZED_AUTOS = YES_AGGRESSIVE;
				GCC_WARN_UNUSED_FUNCTION = YES;
				GCC_WARN_UNUSED_VARIABLE = YES;
				IPHONEOS_DEPLOYMENT_TARGET = 26.1;
				LOCALIZATION_PREFERS_STRING_CATALOGS = YES;
				MTL_ENABLE_DEBUG_INFO = INCLUDE_SOURCE;
				MTL_FAST_MATH = YES;
				ONLY_ACTIVE_ARCH = YES;
				SDKROOT = iphoneos;
				SWIFT_ACTIVE_COMPILATION_CONDITIONS = "DEBUG $(inherited)";
				SWIFT_OPTIMIZATION_LEVEL = "-Onone";
			};
			name = Debug;
		};
		D0306B632EC9DD49004BE9C2 /* Release */ = {
			isa = XCBuildConfiguration;
			buildSettings = {
				ALWAYS_SEARCH_USER_PATHS = NO;
				ASSETCATALOG_COMPILER_GENERATE_SWIFT_ASSET_SYMBOL_EXTENSIONS = YES;
				CLANG_ANALYZER_NONNULL = YES;
				CLANG_ANALYZER_NUMBER_OBJECT_CONVERSION = YES_AGGRESSIVE;
				CLANG_CXX_LANGUAGE_STANDARD = "gnu++20";
				CLANG_ENABLE_MODULES = YES;
				CLANG_ENABLE_OBJC_ARC = YES;
				CLANG_ENABLE_OBJC_WEAK = YES;
				CLANG_WARN_BLOCK_CAPTURE_AUTORELEASING = YES;
				CLANG_WARN_BOOL_CONVERSION = YES;
				CLANG_WARN_COMMA = YES;
				CLANG_WARN_CONSTANT_CONVERSION = YES;
				CLANG_WARN_DEPRECATED_OBJC_IMPLEMENTATIONS = YES;
				CLANG_WARN_DIRECT_OBJC_ISA_USAGE = YES_ERROR;
				CLANG_WARN_DOCUMENTATION_COMMENTS = YES;
				CLANG_WARN_EMPTY_BODY = YES;
				CLANG_WARN_ENUM_CONVERSION = YES;
				CLANG_WARN_INFINITE_RECURSION = YES;
				CLANG_WARN_INT_CONVERSION = YES;
				CLANG_WARN_NON_LITERAL_NULL_CONVERSION = YES;
				CLANG_WARN_OBJC_IMPLICIT_RETAIN_SELF = YES;
				CLANG_WARN_OBJC_LITERAL_CONVERSION = YES;
				CLANG_WARN_OBJC_ROOT_CLASS = YES_ERROR;
				CLANG_WARN_QUOTED_INCLUDE_IN_FRAMEWORK_HEADER = YES;
				CLANG_WARN_RANGE_LOOP_ANALYSIS = YES;
				CLANG_WARN_STRICT_PROTOTYPES = YES;
				CLANG_WARN_SUSPICIOUS_MOVE = YES;
				CLANG_WARN_UNGUARDED_AVAILABILITY = YES_AGGRESSIVE;
				CLANG_WARN_UNREACHABLE_CODE = YES;
				CLANG_WARN__DUPLICATE_METHOD_MATCH = YES;
				COPY_PHASE_STRIP = NO;
				DEBUG_INFORMATION_FORMAT = "dwarf-with-dsym";
				DEVELOPMENT_TEAM = HA3MYH6C68;
				ENABLE_NS_ASSERTIONS = NO;
				ENABLE_STRICT_OBJC_MSGSEND = YES;
				ENABLE_USER_SCRIPT_SANDBOXING = YES;
				GCC_C_LANGUAGE_STANDARD = gnu17;
				GCC_NO_COMMON_BLOCKS = YES;
				GCC_WARN_64_TO_32_BIT_CONVERSION = YES;
				GCC_WARN_ABOUT_RETURN_TYPE = YES_ERROR;
				GCC_WARN_UNDECLARED_SELECTOR = YES;
				GCC_WARN_UNINITIALIZED_AUTOS = YES_AGGRESSIVE;
				GCC_WARN_UNUSED_FUNCTION = YES;
				GCC_WARN_UNUSED_VARIABLE = YES;
				IPHONEOS_DEPLOYMENT_TARGET = 26.1;
				LOCALIZATION_PREFERS_STRING_CATALOGS = YES;
				MTL_ENABLE_DEBUG_INFO = NO;
				MTL_FAST_MATH = YES;
				SDKROOT = iphoneos;
				SWIFT_COMPILATION_MODE = wholemodule;
				VALIDATE_PRODUCT = YES;
			};
			name = Release;
		};
		D0306B652EC9DD49004BE9C2 /* Debug */ = {
			isa = XCBuildConfiguration;
			buildSettings = {
				ASSETCATALOG_COMPILER_APPICON_NAME = AppIcon;
				ASSETCATALOG_COMPILER_GLOBAL_ACCENT_COLOR_NAME = AccentColor;
				CODE_SIGN_ENTITLEMENTS = GluVibProbe/GluVibProbe.entitlements;
				CODE_SIGN_STYLE = Automatic;
				CURRENT_PROJECT_VERSION = 1;
				DEVELOPMENT_TEAM = HA3MYH6C68;
				ENABLE_PREVIEWS = YES;
				GENERATE_INFOPLIST_FILE = YES;
				INFOPLIST_KEY_NSHealthShareUsageDescription = "GluVibe uses your health data (glucose, activity, weight, nutrition) to calculate metabolic targets and show personalized analytics.";
				INFOPLIST_KEY_NSHealthUpdateUsageDescription = "GluVibe may write selected health metrics in the future to keep your data consistent across apps.";
				INFOPLIST_KEY_UIApplicationSceneManifest_Generation = YES;
				INFOPLIST_KEY_UIApplicationSupportsIndirectInputEvents = YES;
				INFOPLIST_KEY_UILaunchScreen_Generation = YES;
				INFOPLIST_KEY_UISupportedInterfaceOrientations = UIInterfaceOrientationPortrait;
				INFOPLIST_KEY_UISupportedInterfaceOrientations_iPad = "UIInterfaceOrientationLandscapeLeft UIInterfaceOrientationLandscapeRight UIInterfaceOrientationPortrait UIInterfaceOrientationPortraitUpsideDown";
				IPHONEOS_DEPLOYMENT_TARGET = 16.6;
				LD_RUNPATH_SEARCH_PATHS = (
					"$(inherited)",
					"@executable_path/Frameworks",
				);
				MARKETING_VERSION = 1.0;
				PRODUCT_BUNDLE_IDENTIFIER = com.mariolorenz.GluVibProbe;
				PRODUCT_NAME = "$(TARGET_NAME)";
				STRING_CATALOG_GENERATE_SYMBOLS = YES;
				SUPPORTED_PLATFORMS = "iphoneos iphonesimulator";
				SUPPORTS_MACCATALYST = NO;
				SUPPORTS_MAC_DESIGNED_FOR_IPHONE_IPAD = NO;
				SUPPORTS_XR_DESIGNED_FOR_IPHONE_IPAD = NO;
				SWIFT_APPROACHABLE_CONCURRENCY = YES;
				SWIFT_DEFAULT_ACTOR_ISOLATION = MainActor;
				SWIFT_EMIT_LOC_STRINGS = YES;
				SWIFT_UPCOMING_FEATURE_MEMBER_IMPORT_VISIBILITY = YES;
				SWIFT_VERSION = 5.0;
				TARGETED_DEVICE_FAMILY = 1;
			};
			name = Debug;
		};
		D0306B662EC9DD49004BE9C2 /* Release */ = {
			isa = XCBuildConfiguration;
			buildSettings = {
				ASSETCATALOG_COMPILER_APPICON_NAME = AppIcon;
				ASSETCATALOG_COMPILER_GLOBAL_ACCENT_COLOR_NAME = AccentColor;
				CODE_SIGN_ENTITLEMENTS = GluVibProbe/GluVibProbe.entitlements;
				CODE_SIGN_STYLE = Automatic;
				CURRENT_PROJECT_VERSION = 1;
				DEVELOPMENT_TEAM = HA3MYH6C68;
				ENABLE_PREVIEWS = YES;
				GENERATE_INFOPLIST_FILE = YES;
				INFOPLIST_KEY_NSHealthShareUsageDescription = "GluVibe uses your health data (glucose, activity, weight, nutrition) to calculate metabolic targets and show personalized analytics.";
				INFOPLIST_KEY_NSHealthUpdateUsageDescription = "GluVibe may write selected health metrics in the future to keep your data consistent across apps.";
				INFOPLIST_KEY_UIApplicationSceneManifest_Generation = YES;
				INFOPLIST_KEY_UIApplicationSupportsIndirectInputEvents = YES;
				INFOPLIST_KEY_UILaunchScreen_Generation = YES;
				INFOPLIST_KEY_UISupportedInterfaceOrientations = UIInterfaceOrientationPortrait;
				INFOPLIST_KEY_UISupportedInterfaceOrientations_iPad = "UIInterfaceOrientationLandscapeLeft UIInterfaceOrientationLandscapeRight UIInterfaceOrientationPortrait UIInterfaceOrientationPortraitUpsideDown";
				IPHONEOS_DEPLOYMENT_TARGET = 16.6;
				LD_RUNPATH_SEARCH_PATHS = (
					"$(inherited)",
					"@executable_path/Frameworks",
				);
				MARKETING_VERSION = 1.0;
				PRODUCT_BUNDLE_IDENTIFIER = com.mariolorenz.GluVibProbe;
				PRODUCT_NAME = "$(TARGET_NAME)";
				STRING_CATALOG_GENERATE_SYMBOLS = YES;
				SUPPORTED_PLATFORMS = "iphoneos iphonesimulator";
				SUPPORTS_MACCATALYST = NO;
				SUPPORTS_MAC_DESIGNED_FOR_IPHONE_IPAD = NO;
				SUPPORTS_XR_DESIGNED_FOR_IPHONE_IPAD = NO;
				SWIFT_APPROACHABLE_CONCURRENCY = YES;
				SWIFT_DEFAULT_ACTOR_ISOLATION = MainActor;
				SWIFT_EMIT_LOC_STRINGS = YES;
				SWIFT_UPCOMING_FEATURE_MEMBER_IMPORT_VISIBILITY = YES;
				SWIFT_VERSION = 5.0;
				TARGETED_DEVICE_FAMILY = 1;
			};
			name = Release;
		};
/* End XCBuildConfiguration section */

/* Begin XCConfigurationList section */
		D0306B542EC9DD49004BE9C2 /* Build configuration list for PBXProject "GluVibProbe" */ = {
			isa = XCConfigurationList;
			buildConfigurations = (
				D0306B622EC9DD49004BE9C2 /* Debug */,
				D0306B632EC9DD49004BE9C2 /* Release */,
			);
			defaultConfigurationIsVisible = 0;
			defaultConfigurationName = Release;
		};
		D0306B642EC9DD49004BE9C2 /* Build configuration list for PBXNativeTarget "GluVibProbe" */ = {
			isa = XCConfigurationList;
			buildConfigurations = (
				D0306B652EC9DD49004BE9C2 /* Debug */,
				D0306B662EC9DD49004BE9C2 /* Release */,
			);
			defaultConfigurationIsVisible = 0;
			defaultConfigurationName = Release;
		};
/* End XCConfigurationList section */
	};
	rootObject = D0306B512EC9DD49004BE9C2 /* Project object */;
}
